
Microsoft Visual Studio Solution File, Format Version 12.00
# Visual Studio Version 17
VisualStudioVersion = 17.8.34525.116
MinimumVisualStudioVersion = 10.0.40219.1
Project("{FAE04EC0-301F-11D3-BF4B-00C04F79EFBC}") = "Emperador", "Emperador\Emperador.csproj", "{7859F964-8192-413D-8553-828D81169C78}"
EndProject
Global
	GlobalSection(SolutionConfigurationPlatforms) = preSolution
		Debug|Any CPU = Debug|Any CPU
		Release|Any CPU = Release|Any CPU
	EndGlobalSection
	GlobalSection(ProjectConfigurationPlatforms) = postSolution
		{7859F964-8192-413D-8553-828D81169C78}.Debug|Any CPU.ActiveCfg = Debug|Any CPU
		{7859F964-8192-413D-8553-828D81169C78}.Debug|Any CPU.Build.0 = Debug|Any CPU
		{7859F964-8192-413D-8553-828D81169C78}.Release|Any CPU.ActiveCfg = Release|Any CPU
		{7859F964-8192-413D-8553-828D81169C78}.Release|Any CPU.Build.0 = Release|Any CPU
	EndGlobalSection
	GlobalSection(SolutionProperties) = preSolution
		HideSolutionNode = FALSE
	EndGlobalSection
	GlobalSection(ExtensibilityGlobals) = postSolution
		SolutionGuid = {C1BF5990-EAF4-494D-AF29-ED5C872E6C3D}
	EndGlobalSection
EndGlobal
